
Microsoft Visual Studio Solution File, Format Version 12.00
# Visual Studio Version 17
VisualStudioVersion = 17.8.34330.188
MinimumVisualStudioVersion = 10.0.40219.1
Project("{9A19103F-16F7-4668-BE54-9A1E7A4F7556}") = "TestCli", "Cli\TestCli.csproj", "{44DFD7B4-BA38-49AF-91BE-64B1E80D73A5}"
EndProject
Project("{9A19103F-16F7-4668-BE54-9A1E7A4F7556}") = "TestInterop", "Interop\TestInterop.csproj", "{EDB9DCD7-9FA6-4CFA-A3BB-7DEAEF41DF09}"
EndProject
Project("{9A19103F-16F7-4668-BE54-9A1E7A4F7556}") = "TestMisc", "Misc\TestMisc.csproj", "{D26827A8-9694-4F74-9114-0AA9B0F087DC}"
EndProject
Project("{9A19103F-16F7-4668-BE54-9A1E7A4F7556}") = "TestCore", "Core\TestCore.csproj", "{D9581084-D5CC-42DB-9D3A-53CC87ABF0B6}"
EndProject
Global
	GlobalSection(SolutionConfigurationPlatforms) = preSolution
		Debug|x64 = Debug|x64
		Release|x64 = Release|x64
	EndGlobalSection
	GlobalSection(ProjectConfigurationPlatforms) = postSolution
		{44DFD7B4-BA38-49AF-91BE-64B1E80D73A5}.Debug|x64.ActiveCfg = Debug|x64
		{44DFD7B4-BA38-49AF-91BE-64B1E80D73A5}.Debug|x64.Build.0 = Debug|x64
		{44DFD7B4-BA38-49AF-91BE-64B1E80D73A5}.Release|x64.ActiveCfg = Release|x64
		{44DFD7B4-BA38-49AF-91BE-64B1E80D73A5}.Release|x64.Build.0 = Release|x64
		{EDB9DCD7-9FA6-4CFA-A3BB-7DEAEF41DF09}.Debug|x64.ActiveCfg = Debug|x64
		{EDB9DCD7-9FA6-4CFA-A3BB-7DEAEF41DF09}.Debug|x64.Build.0 = Debug|x64
		{EDB9DCD7-9FA6-4CFA-A3BB-7DEAEF41DF09}.Release|x64.ActiveCfg = Release|x64
		{EDB9DCD7-9FA6-4CFA-A3BB-7DEAEF41DF09}.Release|x64.Build.0 = Release|x64
		{D26827A8-9694-4F74-9114-0AA9B0F087DC}.Debug|x64.ActiveCfg = Debug|x64
		{D26827A8-9694-4F74-9114-0AA9B0F087DC}.Debug|x64.Build.0 = Debug|x64
		{D26827A8-9694-4F74-9114-0AA9B0F087DC}.Release|x64.ActiveCfg = Release|x64
		{D26827A8-9694-4F74-9114-0AA9B0F087DC}.Release|x64.Build.0 = Release|x64
		{D9581084-D5CC-42DB-9D3A-53CC87ABF0B6}.Debug|x64.ActiveCfg = Debug|x64
		{D9581084-D5CC-42DB-9D3A-53CC87ABF0B6}.Debug|x64.Build.0 = Debug|x64
		{D9581084-D5CC-42DB-9D3A-53CC87ABF0B6}.Release|x64.ActiveCfg = Release|x64
		{D9581084-D5CC-42DB-9D3A-53CC87ABF0B6}.Release|x64.Build.0 = Release|x64
	EndGlobalSection
	GlobalSection(SolutionProperties) = preSolution
		HideSolutionNode = FALSE
	EndGlobalSection
	GlobalSection(ExtensibilityGlobals) = postSolution
		SolutionGuid = {11981590-0598-40BE-81E9-04AFFB1C5E35}
	EndGlobalSection
EndGlobal
