<?xml version="1.0" encoding="utf-8"?>
<Project ToolsVersion="4.0" xmlns="http://schemas.microsoft.com/developer/msbuild/2003">
  <ItemGroup>
    <Filter Include="cbot">
      <UniqueIdentifier>{d20d46b1-721f-411f-98e8-ef1b4aabb06b}</UniqueIdentifier>
    </Filter>
    <Filter Include="test">
      <UniqueIdentifier>{60c03f1b-71c4-4dee-9f8d-b8f70bfa0abd}</UniqueIdentifier>
    </Filter>
    <Filter Include="source">
      <UniqueIdentifier>{93995380-89BD-4b04-88EB-625FBE52EBFB}</UniqueIdentifier>
      <Extensions>h;hh;hpp;hxx;h++;hm;inl;inc;ipp;xsd</Extensions>
    </Filter>
    <Filter Include="lbot">
      <UniqueIdentifier>{aab314b7-6701-4f7c-8d34-165e160899db}</UniqueIdentifier>
    </Filter>
  </ItemGroup>
  <ItemGroup>
    <ClCompile Include="NebuluaTest.cpp">
      <Filter>test</Filter>
    </ClCompile>
    <ClCompile Include="..\..\..\C\c_bag_of_tricks\pnut\pnut.cpp">
      <Filter>cbot</Filter>
    </ClCompile>
    <ClCompile Include="..\..\..\C\c_bag_of_tricks\source_code\private\ftimer.c">
      <Filter>cbot</Filter>
    </ClCompile>
    <ClCompile Include="..\..\..\C\c_bag_of_tricks\source_code\private\list.c">
      <Filter>cbot</Filter>
    </ClCompile>
    <ClCompile Include="..\..\..\C\c_bag_of_tricks\source_code\private\logger.c">
      <Filter>cbot</Filter>
    </ClCompile>
    <ClCompile Include="..\..\..\C\c_bag_of_tricks\source_code\private\stopwatch.c">
      <Filter>cbot</Filter>
    </ClCompile>
    <ClCompile Include="..\..\..\C\c_bag_of_tricks\source_code\private\stringx.c">
      <Filter>cbot</Filter>
    </ClCompile>
    <ClCompile Include="..\..\LuaBagOfTricks\source_code\luaex.c">
      <Filter>lbot</Filter>
    </ClCompile>
    <ClCompile Include="..\..\LuaBagOfTricks\source_code\luautils.c">
      <Filter>lbot</Filter>
    </ClCompile>
    <ClCompile Include="..\app\devmgr.c">
      <Filter>source</Filter>
    </ClCompile>
    <ClCompile Include="..\app\luainterop.c">
      <Filter>source</Filter>
    </ClCompile>
    <ClCompile Include="..\app\luainteropwork.c">
      <Filter>source</Filter>
    </ClCompile>
    <ClCompile Include="..\app\nebcommon.c">
      <Filter>source</Filter>
    </ClCompile>
    <ClCompile Include="..\app\exec.c">
      <Filter>source</Filter>
    </ClCompile>
    <ClCompile Include="test_devmgr.cpp">
      <Filter>test</Filter>
    </ClCompile>
    <ClCompile Include="test_nebcommon.cpp">
      <Filter>test</Filter>
    </ClCompile>
    <ClCompile Include="test_exec.cpp">
      <Filter>test</Filter>
    </ClCompile>
    <ClCompile Include="test_cli.cpp">
      <Filter>test</Filter>
    </ClCompile>
    <ClCompile Include="..\..\..\C\c_bag_of_tricks\source_code\private\mathutils.c">
      <Filter>cbot</Filter>
    </ClCompile>
  </ItemGroup>
  <ItemGroup>
    <ClInclude Include="..\app\devmgr.h">
      <Filter>source</Filter>
    </ClInclude>
    <ClInclude Include="..\app\luainterop.h">
      <Filter>source</Filter>
    </ClInclude>
    <ClInclude Include="..\app\nebcommon.h">
      <Filter>source</Filter>
    </ClInclude>
    <ClInclude Include="..\..\..\C\c_bag_of_tricks\pnut\pnut.h">
      <Filter>cbot</Filter>
    </ClInclude>
    <ClInclude Include="..\..\..\C\c_bag_of_tricks\source_code\cbot.h">
      <Filter>cbot</Filter>
    </ClInclude>
    <ClInclude Include="..\..\..\C\c_bag_of_tricks\source_code\ftimer.h">
      <Filter>cbot</Filter>
    </ClInclude>
    <ClInclude Include="..\..\..\C\c_bag_of_tricks\source_code\list.h">
      <Filter>cbot</Filter>
    </ClInclude>
    <ClInclude Include="..\..\..\C\c_bag_of_tricks\source_code\logger.h">
      <Filter>cbot</Filter>
    </ClInclude>
    <ClInclude Include="..\..\..\C\c_bag_of_tricks\source_code\stopwatch.h">
      <Filter>cbot</Filter>
    </ClInclude>
    <ClInclude Include="..\..\..\C\c_bag_of_tricks\source_code\stringx.h">
      <Filter>cbot</Filter>
    </ClInclude>
    <ClInclude Include="..\..\..\C\c_bag_of_tricks\source_code\private\cbot_internal.h">
      <Filter>cbot</Filter>
    </ClInclude>
    <ClInclude Include="..\..\LuaBagOfTricks\source_code\luaex.h">
      <Filter>lbot</Filter>
    </ClInclude>
    <ClInclude Include="..\..\LuaBagOfTricks\source_code\luautils.h">
      <Filter>lbot</Filter>
    </ClInclude>
    <ClInclude Include="..\..\C\c_bag_of_tricks\source_code\diagnostics.h">
      <Filter>cbot</Filter>
    </ClInclude>
    <ClInclude Include="..\app\cli.h">
      <Filter>source</Filter>
    </ClInclude>
    <ClInclude Include="..\..\..\C\c_bag_of_tricks\source_code\mathutils.h">
      <Filter>cbot</Filter>
    </ClInclude>
  </ItemGroup>
</Project>