
Microsoft Visual Studio Solution File, Format Version 12.00
# Visual Studio Version 17
VisualStudioVersion = 17.6.33815.320
MinimumVisualStudioVersion = 10.0.40219.1
Project("{9A19103F-16F7-4668-BE54-9A1E7A4F7556}") = "ScriptLua", "ScriptLua\ScriptLua.csproj", "{F4EF17C6-69C3-4F1D-B3D7-BEB3BE3EB6CB}"
EndProject
Project("{9A19103F-16F7-4668-BE54-9A1E7A4F7556}") = "App", "App\App.csproj", "{548731B4-3E91-448D-AAF4-009B642CB6C2}"
EndProject
Project("{9A19103F-16F7-4668-BE54-9A1E7A4F7556}") = "ScriptLuaTest", "ScriptLua\Test\ScriptLuaTest.csproj", "{B280D2DB-3326-4B6C-B3B3-0515010E4B65}"
EndProject
Project("{9A19103F-16F7-4668-BE54-9A1E7A4F7556}") = "KeraLuaEx", "..\KeraLuaEx\KeraLuaEx\KeraLuaEx.csproj", "{DE8DBDA0-EC8C-4F45-B3EA-3BA39A30B7C3}"
EndProject
Global
	GlobalSection(SolutionConfigurationPlatforms) = preSolution
		Debug|Any CPU = Debug|Any CPU
		Release|Any CPU = Release|Any CPU
	EndGlobalSection
	GlobalSection(ProjectConfigurationPlatforms) = postSolution
		{F4EF17C6-69C3-4F1D-B3D7-BEB3BE3EB6CB}.Debug|Any CPU.ActiveCfg = Debug|Any CPU
		{F4EF17C6-69C3-4F1D-B3D7-BEB3BE3EB6CB}.Debug|Any CPU.Build.0 = Debug|Any CPU
		{F4EF17C6-69C3-4F1D-B3D7-BEB3BE3EB6CB}.Release|Any CPU.ActiveCfg = Release|Any CPU
		{F4EF17C6-69C3-4F1D-B3D7-BEB3BE3EB6CB}.Release|Any CPU.Build.0 = Release|Any CPU
		{548731B4-3E91-448D-AAF4-009B642CB6C2}.Debug|Any CPU.ActiveCfg = Debug|Any CPU
		{548731B4-3E91-448D-AAF4-009B642CB6C2}.Debug|Any CPU.Build.0 = Debug|Any CPU
		{548731B4-3E91-448D-AAF4-009B642CB6C2}.Release|Any CPU.ActiveCfg = Release|Any CPU
		{548731B4-3E91-448D-AAF4-009B642CB6C2}.Release|Any CPU.Build.0 = Release|Any CPU
		{B280D2DB-3326-4B6C-B3B3-0515010E4B65}.Debug|Any CPU.ActiveCfg = Debug|Any CPU
		{B280D2DB-3326-4B6C-B3B3-0515010E4B65}.Debug|Any CPU.Build.0 = Debug|Any CPU
		{B280D2DB-3326-4B6C-B3B3-0515010E4B65}.Release|Any CPU.ActiveCfg = Release|Any CPU
		{B280D2DB-3326-4B6C-B3B3-0515010E4B65}.Release|Any CPU.Build.0 = Release|Any CPU
		{DE8DBDA0-EC8C-4F45-B3EA-3BA39A30B7C3}.Debug|Any CPU.ActiveCfg = Debug|Any CPU
		{DE8DBDA0-EC8C-4F45-B3EA-3BA39A30B7C3}.Debug|Any CPU.Build.0 = Debug|Any CPU
		{DE8DBDA0-EC8C-4F45-B3EA-3BA39A30B7C3}.Release|Any CPU.ActiveCfg = Release|Any CPU
		{DE8DBDA0-EC8C-4F45-B3EA-3BA39A30B7C3}.Release|Any CPU.Build.0 = Release|Any CPU
	EndGlobalSection
	GlobalSection(SolutionProperties) = preSolution
		HideSolutionNode = FALSE
	EndGlobalSection
	GlobalSection(ExtensibilityGlobals) = postSolution
		SolutionGuid = {04CA1798-34A7-42F6-9B7F-B6B1A344AF9E}
	EndGlobalSection
EndGlobal
