
Microsoft Visual Studio Solution File, Format Version 12.00
# Visual Studio Version 17
VisualStudioVersion = 17.6.33815.320
MinimumVisualStudioVersion = 10.0.40219.1
Project("{9A19103F-16F7-4668-BE54-9A1E7A4F7556}") = "Nebulua", "Nebulua.csproj", "{548731B4-3E91-448D-AAF4-009B642CB6C2}"
EndProject
Project("{9A19103F-16F7-4668-BE54-9A1E7A4F7556}") = "KeraLuaEx", "..\KeraLuaEx\KeraLuaEx.csproj", "{DE8DBDA0-EC8C-4F45-B3EA-3BA39A30B7C3}"
EndProject
Project("{2150E333-8FDC-42A3-9474-1A3956D46DE8}") = "Examples", "Examples", "{AEE8C1A5-1E72-4BA3-9749-0CED640442B7}"
	ProjectSection(SolutionItems) = preProject
		Examples\airport.lua = Examples\airport.lua
		Examples\example.lua = Examples\example.lua
		Examples\scale.lua = Examples\scale.lua
	EndProjectSection
EndProject
Project("{2150E333-8FDC-42A3-9474-1A3956D46DE8}") = "lua", "lua", "{394C1DC8-68D1-4F34-8EDB-DC9E229233D6}"
	ProjectSection(SolutionItems) = preProject
		lua\midi_defs.lua = lua\midi_defs.lua
	EndProjectSection
EndProject
Project("{9A19103F-16F7-4668-BE54-9A1E7A4F7556}") = "Host", "..\KeraLuaEx\Host\Host.csproj", "{594C0100-6160-418B-BFBC-4B4A0C6D57D9}"
EndProject
Project("{9A19103F-16F7-4668-BE54-9A1E7A4F7556}") = "Test", "..\KeraLuaEx\Test\Test.csproj", "{918BD938-4D05-41E9-92EB-742E91461F6E}"
EndProject
Global
	GlobalSection(SolutionConfigurationPlatforms) = preSolution
		Debug|Any CPU = Debug|Any CPU
		Release|Any CPU = Release|Any CPU
	EndGlobalSection
	GlobalSection(ProjectConfigurationPlatforms) = postSolution
		{548731B4-3E91-448D-AAF4-009B642CB6C2}.Debug|Any CPU.ActiveCfg = Debug|Any CPU
		{548731B4-3E91-448D-AAF4-009B642CB6C2}.Debug|Any CPU.Build.0 = Debug|Any CPU
		{548731B4-3E91-448D-AAF4-009B642CB6C2}.Release|Any CPU.ActiveCfg = Release|Any CPU
		{548731B4-3E91-448D-AAF4-009B642CB6C2}.Release|Any CPU.Build.0 = Release|Any CPU
		{DE8DBDA0-EC8C-4F45-B3EA-3BA39A30B7C3}.Debug|Any CPU.ActiveCfg = Debug|Any CPU
		{DE8DBDA0-EC8C-4F45-B3EA-3BA39A30B7C3}.Debug|Any CPU.Build.0 = Debug|Any CPU
		{DE8DBDA0-EC8C-4F45-B3EA-3BA39A30B7C3}.Release|Any CPU.ActiveCfg = Release|Any CPU
		{DE8DBDA0-EC8C-4F45-B3EA-3BA39A30B7C3}.Release|Any CPU.Build.0 = Release|Any CPU
		{594C0100-6160-418B-BFBC-4B4A0C6D57D9}.Debug|Any CPU.ActiveCfg = Debug|Any CPU
		{594C0100-6160-418B-BFBC-4B4A0C6D57D9}.Debug|Any CPU.Build.0 = Debug|Any CPU
		{594C0100-6160-418B-BFBC-4B4A0C6D57D9}.Release|Any CPU.ActiveCfg = Release|Any CPU
		{594C0100-6160-418B-BFBC-4B4A0C6D57D9}.Release|Any CPU.Build.0 = Release|Any CPU
		{918BD938-4D05-41E9-92EB-742E91461F6E}.Debug|Any CPU.ActiveCfg = Debug|Any CPU
		{918BD938-4D05-41E9-92EB-742E91461F6E}.Debug|Any CPU.Build.0 = Debug|Any CPU
		{918BD938-4D05-41E9-92EB-742E91461F6E}.Release|Any CPU.ActiveCfg = Release|Any CPU
		{918BD938-4D05-41E9-92EB-742E91461F6E}.Release|Any CPU.Build.0 = Release|Any CPU
	EndGlobalSection
	GlobalSection(SolutionProperties) = preSolution
		HideSolutionNode = FALSE
	EndGlobalSection
	GlobalSection(ExtensibilityGlobals) = postSolution
		SolutionGuid = {04CA1798-34A7-42F6-9B7F-B6B1A344AF9E}
	EndGlobalSection
EndGlobal
