
Microsoft Visual Studio Solution File, Format Version 12.00
# Visual Studio Version 17
VisualStudioVersion = 17.8.34330.188
MinimumVisualStudioVersion = 10.0.40219.1
Project("{8BC9CEB8-8B4A-11D0-8D11-00A0C91BC942}") = "Interop", "interop\Interop.vcxproj", "{953F3806-EB5D-444E-A500-09B455E35E53}"
EndProject
Project("{9A19103F-16F7-4668-BE54-9A1E7A4F2222}") = "CliApp", "CliApp\CliApp.csproj", "{81343FDD-3137-4A17-94A3-927F22A8B2CA}"
EndProject
Project("{9A19103F-16F7-4668-BE54-9A1E7A4F3333}") = "UiApp", "UiApp\UiApp.csproj", "{B82FFAD9-BAE2-44BE-B051-599198C584AF}"
EndProject
Global
	GlobalSection(SolutionConfigurationPlatforms) = preSolution
		Debug|x64 = Debug|x64
		Release|x64 = Release|x64
	EndGlobalSection
	GlobalSection(ProjectConfigurationPlatforms) = postSolution
		{953F3806-EB5D-444E-A500-09B455E35E53}.Debug|x64.ActiveCfg = Debug|x64
		{953F3806-EB5D-444E-A500-09B455E35E53}.Debug|x64.Build.0 = Debug|x64
		{953F3806-EB5D-444E-A500-09B455E35E53}.Release|x64.ActiveCfg = Release|x64
		{953F3806-EB5D-444E-A500-09B455E35E53}.Release|x64.Build.0 = Release|x64
		{81343FDD-3137-4A17-94A3-927F22A8B2CA}.Debug|x64.ActiveCfg = Debug|x64
		{81343FDD-3137-4A17-94A3-927F22A8B2CA}.Debug|x64.Build.0 = Debug|x64
		{81343FDD-3137-4A17-94A3-927F22A8B2CA}.Release|x64.ActiveCfg = Release|x64
		{81343FDD-3137-4A17-94A3-927F22A8B2CA}.Release|x64.Build.0 = Release|x64
		{B82FFAD9-BAE2-44BE-B051-599198C584AF}.Debug|x64.ActiveCfg = Debug|x64
		{B82FFAD9-BAE2-44BE-B051-599198C584AF}.Debug|x64.Build.0 = Debug|x64
		{B82FFAD9-BAE2-44BE-B051-599198C584AF}.Release|x64.ActiveCfg = Release|x64
		{B82FFAD9-BAE2-44BE-B051-599198C584AF}.Release|x64.Build.0 = Release|x64
	EndGlobalSection
	GlobalSection(SolutionProperties) = preSolution
		HideSolutionNode = FALSE
	EndGlobalSection
	GlobalSection(ExtensibilityGlobals) = postSolution
		SolutionGuid = {38E4BEE2-7AB0-4A09-8E93-57D2810B1BAC}
	EndGlobalSection
EndGlobal
