<?xml version="1.0" encoding="utf-8"?>
<Project ToolsVersion="4.0" xmlns="http://schemas.microsoft.com/developer/msbuild/2003">
  <ItemGroup>
    <Filter Include="cbot">
      <UniqueIdentifier>{d20d46b1-721f-411f-98e8-ef1b4aabb06b}</UniqueIdentifier>
    </Filter>
    <Filter Include="lbot">
      <UniqueIdentifier>{0c1ba0a4-f526-4a08-927a-548b163f5498}</UniqueIdentifier>
    </Filter>
    <Filter Include="app">
      <UniqueIdentifier>{93995380-89BD-4b04-88EB-625FBE52EBFB}</UniqueIdentifier>
      <Extensions>h;hh;hpp;hxx;h++;hm;inl;inc;ipp;xsd</Extensions>
    </Filter>
  </ItemGroup>
  <ItemGroup>
    <ClCompile Include="..\..\..\C\c_bag_of_tricks\source_code\private\ftimer.c">
      <Filter>cbot</Filter>
    </ClCompile>
    <ClCompile Include="..\..\..\C\c_bag_of_tricks\source_code\private\list.c">
      <Filter>cbot</Filter>
    </ClCompile>
    <ClCompile Include="..\..\..\C\c_bag_of_tricks\source_code\private\logger.c">
      <Filter>cbot</Filter>
    </ClCompile>
    <ClCompile Include="..\..\..\C\c_bag_of_tricks\source_code\private\stringx.c">
      <Filter>cbot</Filter>
    </ClCompile>
    <ClCompile Include="..\..\..\C\c_bag_of_tricks\source_code\private\stopwatch.c">
      <Filter>cbot</Filter>
    </ClCompile>
    <ClCompile Include="..\..\LuaBagOfTricks\source_code\luaex.c">
      <Filter>lbot</Filter>
    </ClCompile>
    <ClCompile Include="..\..\LuaBagOfTricks\source_code\luautils.c">
      <Filter>lbot</Filter>
    </ClCompile>
    <ClCompile Include="..\source_code\devmgr.c">
      <Filter>app</Filter>
    </ClCompile>
    <ClCompile Include="..\source_code\exec.c">
      <Filter>app</Filter>
    </ClCompile>
    <ClCompile Include="..\source_code\luainterop.c">
      <Filter>app</Filter>
    </ClCompile>
    <ClCompile Include="..\source_code\luainteropwork.c">
      <Filter>app</Filter>
    </ClCompile>
    <ClCompile Include="..\source_code\nebcommon.c">
      <Filter>app</Filter>
    </ClCompile>
    <ClCompile Include="Nebulua.cpp">
      <Filter>app</Filter>
    </ClCompile>
  </ItemGroup>
  <ItemGroup>
    <ClInclude Include="..\source_code\devmgr.h">
      <Filter>app</Filter>
    </ClInclude>
    <ClInclude Include="..\source_code\luainterop.h">
      <Filter>app</Filter>
    </ClInclude>
    <ClInclude Include="..\source_code\luainteropwork.h">
      <Filter>app</Filter>
    </ClInclude>
    <ClInclude Include="..\source_code\nebcommon.h">
      <Filter>app</Filter>
    </ClInclude>
    <ClInclude Include="..\..\..\C\c_bag_of_tricks\source_code\stringx.h">
      <Filter>cbot</Filter>
    </ClInclude>
    <ClInclude Include="..\..\..\C\c_bag_of_tricks\source_code\stopwatch.h">
      <Filter>cbot</Filter>
    </ClInclude>
    <ClInclude Include="..\..\..\C\c_bag_of_tricks\source_code\logger.h">
      <Filter>cbot</Filter>
    </ClInclude>
    <ClInclude Include="..\..\..\C\c_bag_of_tricks\source_code\list.h">
      <Filter>cbot</Filter>
    </ClInclude>
    <ClInclude Include="..\..\..\C\c_bag_of_tricks\source_code\ftimer.h">
      <Filter>cbot</Filter>
    </ClInclude>
    <ClInclude Include="..\..\..\C\c_bag_of_tricks\source_code\cbot.h">
      <Filter>cbot</Filter>
    </ClInclude>
    <ClInclude Include="..\..\..\C\c_bag_of_tricks\source_code\private\cbot_internal.h">
      <Filter>cbot</Filter>
    </ClInclude>
    <ClInclude Include="..\..\LuaBagOfTricks\source_code\luaex.h">
      <Filter>lbot</Filter>
    </ClInclude>
    <ClInclude Include="..\..\LuaBagOfTricks\source_code\luautils.h">
      <Filter>lbot</Filter>
    </ClInclude>
    <ClInclude Include="..\..\..\C\c_bag_of_tricks\source_code\diagnostics.h">
      <Filter>cbot</Filter>
    </ClInclude>
  </ItemGroup>
</Project>