<?xml version="1.0" encoding="utf-8"?>
<Project ToolsVersion="4.0" xmlns="http://schemas.microsoft.com/developer/msbuild/2003">
  <ItemGroup>
    <Filter Include="Source Files">
      <UniqueIdentifier>{4FC737F1-C7A5-4376-A066-2A32D752A2FF}</UniqueIdentifier>
      <Extensions>cpp;c;cc;cxx;c++;cppm;ixx;def;odl;idl;hpj;bat;asm;asmx</Extensions>
    </Filter>
    <Filter Include="Header Files">
      <UniqueIdentifier>{93995380-89BD-4b04-88EB-625FBE52EBFB}</UniqueIdentifier>
      <Extensions>h;hh;hpp;hxx;h++;hm;inl;inc;ipp;xsd</Extensions>
    </Filter>
    <Filter Include="Resource Files">
      <UniqueIdentifier>{67DA6AB6-F800-4c08-8B7A-83BB121AAD01}</UniqueIdentifier>
      <Extensions>rc;ico;cur;bmp;dlg;rc2;rct;bin;rgs;gif;jpg;jpeg;jpe;resx;tiff;tif;png;wav;mfcribbon-ms</Extensions>
    </Filter>
    <Filter Include="cbot">
      <UniqueIdentifier>{d20d46b1-721f-411f-98e8-ef1b4aabb06b}</UniqueIdentifier>
    </Filter>
  </ItemGroup>
  <ItemGroup>
    <ClCompile Include="NebuluaTest.cpp">
      <Filter>Source Files</Filter>
    </ClCompile>
    <ClCompile Include="..\source\devmgr.c">
      <Filter>Source Files</Filter>
    </ClCompile>
    <ClCompile Include="..\source\exec.c">
      <Filter>Source Files</Filter>
    </ClCompile>
    <ClCompile Include="..\source\luaex.c">
      <Filter>Source Files</Filter>
    </ClCompile>
    <ClCompile Include="..\source\luainterop.c">
      <Filter>Source Files</Filter>
    </ClCompile>
    <ClCompile Include="..\source\luainteropwork.c">
      <Filter>Source Files</Filter>
    </ClCompile>
    <ClCompile Include="..\source\nebcommon.c">
      <Filter>Source Files</Filter>
    </ClCompile>
    <ClCompile Include="..\..\..\C\c_bag_of_tricks\source\private\cli.c">
      <Filter>cbot</Filter>
    </ClCompile>
    <ClCompile Include="..\..\..\C\c_bag_of_tricks\source\private\ftimer.c">
      <Filter>cbot</Filter>
    </ClCompile>
    <ClCompile Include="..\..\..\C\c_bag_of_tricks\source\private\list.c">
      <Filter>cbot</Filter>
    </ClCompile>
    <ClCompile Include="..\..\..\C\c_bag_of_tricks\source\private\logger.c">
      <Filter>cbot</Filter>
    </ClCompile>
    <ClCompile Include="..\..\..\C\c_bag_of_tricks\pnut\pnut.cpp">
      <Filter>cbot</Filter>
    </ClCompile>
    <ClCompile Include="..\..\..\C\c_bag_of_tricks\source\private\stringx.c">
      <Filter>cbot</Filter>
    </ClCompile>
    <ClCompile Include="..\..\..\C\c_bag_of_tricks\source\private\stopwatch.c">
      <Filter>cbot</Filter>
    </ClCompile>
    <ClCompile Include="..\..\..\C\c_bag_of_tricks\source\private\timeanalyzer.c">
      <Filter>cbot</Filter>
    </ClCompile>
    <ClCompile Include="..\test\test_devmgr.cpp">
      <Filter>Source Files</Filter>
    </ClCompile>
    <ClCompile Include="..\test\test_nebcommon.cpp">
      <Filter>Source Files</Filter>
    </ClCompile>
  </ItemGroup>
  <ItemGroup>
    <ClInclude Include="..\source\devmgr.h">
      <Filter>Header Files</Filter>
    </ClInclude>
    <ClInclude Include="..\source\luaex.h">
      <Filter>Header Files</Filter>
    </ClInclude>
    <ClInclude Include="..\source\luainterop.h">
      <Filter>Header Files</Filter>
    </ClInclude>
    <ClInclude Include="..\source\luainteropwork.h">
      <Filter>Header Files</Filter>
    </ClInclude>
    <ClInclude Include="..\source\midi.h">
      <Filter>Header Files</Filter>
    </ClInclude>
    <ClInclude Include="..\source\nebcommon.h">
      <Filter>Header Files</Filter>
    </ClInclude>
    <ClInclude Include="..\..\..\C\c_bag_of_tricks\source\diagnostics.h">
      <Filter>Header Files</Filter>
    </ClInclude>
    <ClInclude Include="..\..\..\C\c_bag_of_tricks\source\timeanalyzer.h">
      <Filter>cbot</Filter>
    </ClInclude>
    <ClInclude Include="..\..\..\C\c_bag_of_tricks\source\stringx.h">
      <Filter>cbot</Filter>
    </ClInclude>
    <ClInclude Include="..\..\..\C\c_bag_of_tricks\source\stopwatch.h">
      <Filter>cbot</Filter>
    </ClInclude>
    <ClInclude Include="..\..\..\C\c_bag_of_tricks\pnut\pnut.h">
      <Filter>cbot</Filter>
    </ClInclude>
    <ClInclude Include="..\..\..\C\c_bag_of_tricks\source\logger.h">
      <Filter>cbot</Filter>
    </ClInclude>
    <ClInclude Include="..\..\..\C\c_bag_of_tricks\source\list.h">
      <Filter>cbot</Filter>
    </ClInclude>
    <ClInclude Include="..\..\..\C\c_bag_of_tricks\source\ftimer.h">
      <Filter>cbot</Filter>
    </ClInclude>
    <ClInclude Include="..\..\..\C\c_bag_of_tricks\source\cli.h">
      <Filter>cbot</Filter>
    </ClInclude>
    <ClInclude Include="..\..\..\C\c_bag_of_tricks\source\cbot.h">
      <Filter>cbot</Filter>
    </ClInclude>
    <ClInclude Include="..\..\..\C\c_bag_of_tricks\source\private\cbot_internal.h">
      <Filter>cbot</Filter>
    </ClInclude>
  </ItemGroup>
</Project>