<?xml version="1.0" encoding="utf-8"?>
<Project ToolsVersion="4.0" xmlns="http://schemas.microsoft.com/developer/msbuild/2003">
  <ItemGroup>
    <ClInclude Include="Api.h" />
    <ClInclude Include="luainterop.h" />
    <ClInclude Include="..\lbot\source_code\luautils.h" />
    <ClInclude Include="..\..\LuaBagOfTricks\source_code\luaex.h" />
    <ClInclude Include="..\..\LuaBagOfTricks\source_code\luautils.h" />
  </ItemGroup>
  <ItemGroup>
    <ClCompile Include="Api.cpp" />
    <ClCompile Include="luainterop.c" />
    <ClCompile Include="luainteropwork.cpp" />
    <ClCompile Include="..\lbot\source_code\luaex.c" />
    <ClCompile Include="..\lbot\source_code\luautils.c" />
    <ClCompile Include="..\..\LuaBagOfTricks\source_code\luaex.c" />
    <ClCompile Include="..\..\LuaBagOfTricks\source_code\luautils.c" />
  </ItemGroup>
</Project>